Microsoft Visual Studio Solution File, Format Version 12.00
Project("{FAE04EC0-301F-11D3-BF4B-00C04F79EFBC}") = "Localization", "Localization\Localization.csproj", "{97FE75D7-A715-40C3-A515-EB0D21EF55CB}"
EndProject
Project("{2150E333-8FDC-42A3-9474-1A3956D46DE8}") = "src", "src", "{39CB195D-A454-4869-B783-FDD11BC232DE}"
EndProject
Project("{2150E333-8FDC-42A3-9474-1A3956D46DE8}") = "ConnectionString", "ConnectionString", "{9793C9C1-2418-406A-996F-71B5FF6E9AA7}"
EndProject
Project("{2150E333-8FDC-42A3-9474-1A3956D46DE8}") = "Core", "Core", "{A8377B0F-A3A2-4945-9840-EBFA1FC60DD8}"
EndProject
Project("{2150E333-8FDC-42A3-9474-1A3956D46DE8}") = "Infrastructure", "Infrastructure", "{A7080D76-1823-411D-B376-D52B0C6B673C}"
EndProject
Project("{FAE04EC0-301F-11D3-BF4B-00C04F79EFBC}") = "Domain", "Domain\Domain.csproj", "{373AF4C6-5123-42B1-A315-1F968EB334EE}"
EndProject
Project("{FAE04EC0-301F-11D3-BF4B-00C04F79EFBC}") = "Application", "Application\Application.csproj", "{8CB69481-3A6C-4A40-B767-41F6963956AA}"
EndProject
Project("{FAE04EC0-301F-11D3-BF4B-00C04F79EFBC}") = "Presistence", "Presistence\Presistence.csproj", "{833407F8-C450-4094-8D8E-E813DF378840}"
EndProject
Global
	GlobalSection(SolutionConfigurationPlatforms) = preSolution
		Debug|Any CPU = Debug|Any CPU
		Release|Any CPU = Release|Any CPU
	EndGlobalSection
	GlobalSection(ProjectConfigurationPlatforms) = postSolution
		{97FE75D7-A715-40C3-A515-EB0D21EF55CB}.Debug|Any CPU.ActiveCfg = Debug|Any CPU
		{97FE75D7-A715-40C3-A515-EB0D21EF55CB}.Debug|Any CPU.Build.0 = Debug|Any CPU
		{97FE75D7-A715-40C3-A515-EB0D21EF55CB}.Release|Any CPU.ActiveCfg = Release|Any CPU
		{97FE75D7-A715-40C3-A515-EB0D21EF55CB}.Release|Any CPU.Build.0 = Release|Any CPU
		{373AF4C6-5123-42B1-A315-1F968EB334EE}.Debug|Any CPU.ActiveCfg = Debug|Any CPU
		{373AF4C6-5123-42B1-A315-1F968EB334EE}.Debug|Any CPU.Build.0 = Debug|Any CPU
		{373AF4C6-5123-42B1-A315-1F968EB334EE}.Release|Any CPU.ActiveCfg = Release|Any CPU
		{373AF4C6-5123-42B1-A315-1F968EB334EE}.Release|Any CPU.Build.0 = Release|Any CPU
		{8CB69481-3A6C-4A40-B767-41F6963956AA}.Debug|Any CPU.ActiveCfg = Debug|Any CPU
		{8CB69481-3A6C-4A40-B767-41F6963956AA}.Debug|Any CPU.Build.0 = Debug|Any CPU
		{8CB69481-3A6C-4A40-B767-41F6963956AA}.Release|Any CPU.ActiveCfg = Release|Any CPU
		{8CB69481-3A6C-4A40-B767-41F6963956AA}.Release|Any CPU.Build.0 = Release|Any CPU
		{833407F8-C450-4094-8D8E-E813DF378840}.Debug|Any CPU.ActiveCfg = Debug|Any CPU
		{833407F8-C450-4094-8D8E-E813DF378840}.Debug|Any CPU.Build.0 = Debug|Any CPU
		{833407F8-C450-4094-8D8E-E813DF378840}.Release|Any CPU.ActiveCfg = Release|Any CPU
		{833407F8-C450-4094-8D8E-E813DF378840}.Release|Any CPU.Build.0 = Release|Any CPU
	EndGlobalSection
	GlobalSection(NestedProjects) = preSolution
		{97FE75D7-A715-40C3-A515-EB0D21EF55CB} = {39CB195D-A454-4869-B783-FDD11BC232DE}
		{9793C9C1-2418-406A-996F-71B5FF6E9AA7} = {39CB195D-A454-4869-B783-FDD11BC232DE}
		{A8377B0F-A3A2-4945-9840-EBFA1FC60DD8} = {9793C9C1-2418-406A-996F-71B5FF6E9AA7}
		{A7080D76-1823-411D-B376-D52B0C6B673C} = {9793C9C1-2418-406A-996F-71B5FF6E9AA7}
		{373AF4C6-5123-42B1-A315-1F968EB334EE} = {A8377B0F-A3A2-4945-9840-EBFA1FC60DD8}
		{8CB69481-3A6C-4A40-B767-41F6963956AA} = {A8377B0F-A3A2-4945-9840-EBFA1FC60DD8}
		{833407F8-C450-4094-8D8E-E813DF378840} = {A7080D76-1823-411D-B376-D52B0C6B673C}
	EndGlobalSection
EndGlobal
