Microsoft Visual Studio Solution File, Format Version 12.00
Project("{FAE04EC0-301F-11D3-BF4B-00C04F79EFBC}") = "Localization", "Localization\Localization.csproj", "{97FE75D7-A715-40C3-A515-EB0D21EF55CB}"
EndProject
Project("{2150E333-8FDC-42A3-9474-1A3956D46DE8}") = "src", "src", "{39CB195D-A454-4869-B783-FDD11BC232DE}"
EndProject
Project("{FAE04EC0-301F-11D3-BF4B-00C04F79EFBC}") = "Auth.Persistence", "Auth.Persistence\Auth.Persistence.csproj", "{88AF0E23-6714-4048-B1AB-BF6CF4F5A7D8}"
EndProject
Project("{FAE04EC0-301F-11D3-BF4B-00C04F79EFBC}") = "Auth.Domain", "Auth.Domain\Auth.Domain.csproj", "{0F76BAE2-631A-449C-8FD4-1F3DED3A0E14}"
EndProject
Project("{FAE04EC0-301F-11D3-BF4B-00C04F79EFBC}") = "Auth.Application", "Auth.Application\Auth.Application.csproj", "{142304FB-95EE-431B-A9C8-11631D662C7B}"
EndProject
Project("{2150E333-8FDC-42A3-9474-1A3956D46DE8}") = "Auth", "Auth", "{3ED75984-7B7C-4044-BC30-6817CEBC2909}"
EndProject
Project("{2150E333-8FDC-42A3-9474-1A3956D46DE8}") = "Core", "Core", "{6B740751-469A-4397-B7C5-6CF0AA9F8E7D}"
EndProject
Project("{2150E333-8FDC-42A3-9474-1A3956D46DE8}") = "Infrastructure", "Infrastructure", "{C532C473-79D7-457C-8FD9-212A85717C6F}"
EndProject
Project("{2150E333-8FDC-42A3-9474-1A3956D46DE8}") = "Base", "Base", "{547578A4-D214-487F-9C7B-2A3599A576B1}"
EndProject
Project("{FAE04EC0-301F-11D3-BF4B-00C04F79EFBC}") = "LocalizationEditor.Base", "LocalizationEditor.Base\LocalizationEditor.Base.csproj", "{9A113259-EF32-4110-9C0D-AC877FD495FC}"
EndProject
Project("{FAE04EC0-301F-11D3-BF4B-00C04F79EFBC}") = "LocalizationEditor.Base.Auth", "LocalizationEditor.Base.Auth\LocalizationEditor.Base.Auth.csproj", "{4A9E6507-CEC4-47B5-A609-BD8BD7451B83}"
EndProject
Project("{FAE04EC0-301F-11D3-BF4B-00C04F79EFBC}") = "Migration", "Migration\Migration.csproj", "{814BD809-15FE-41C6-890A-8CF4F6D28073}"
EndProject
	Global
		Debug|Any CPU = Debug|Any CPU
		Release|Any CPU = Release|Any CPU
	EndGlobalSection
	GlobalSection(ProjectConfigurationPlatforms) = postSolution
	EndGlobalSection
	GlobalSection(NestedProjects) = preSolution
		{97FE75D7-A715-40C3-A515-EB0D21EF55CB} = {39CB195D-A454-4869-B783-FDD11BC232DE}
		{3ED75984-7B7C-4044-BC30-6817CEBC2909} = {39CB195D-A454-4869-B783-FDD11BC232DE}
		{6B740751-469A-4397-B7C5-6CF0AA9F8E7D} = {3ED75984-7B7C-4044-BC30-6817CEBC2909}
		{142304FB-95EE-431B-A9C8-11631D662C7B} = {6B740751-469A-4397-B7C5-6CF0AA9F8E7D}
		{0F76BAE2-631A-449C-8FD4-1F3DED3A0E14} = {6B740751-469A-4397-B7C5-6CF0AA9F8E7D}
		{C532C473-79D7-457C-8FD9-212A85717C6F} = {3ED75984-7B7C-4044-BC30-6817CEBC2909}
		{88AF0E23-6714-4048-B1AB-BF6CF4F5A7D8} = {C532C473-79D7-457C-8FD9-212A85717C6F}
		{547578A4-D214-487F-9C7B-2A3599A576B1} = {39CB195D-A454-4869-B783-FDD11BC232DE}
		{9A113259-EF32-4110-9C0D-AC877FD495FC} = {547578A4-D214-487F-9C7B-2A3599A576B1}
		{4A9E6507-CEC4-47B5-A609-BD8BD7451B83} = {547578A4-D214-487F-9C7B-2A3599A576B1}
		{814BD809-15FE-41C6-890A-8CF4F6D28073} = {39CB195D-A454-4869-B783-FDD11BC232DE}
	EndGlobalSection
		GlobalSection(SolutionConfigurationPlatforms) = preSolution
		EndGlobalSection
	EndGlobal
